
Microsoft Visual Studio Solution File, Format Version 12.00
# Visual Studio Version 16
VisualStudioVersion = 16.0.31702.278
MinimumVisualStudioVersion = 10.0.40219.1
Project("{FAE04EC0-301F-11D3-BF4B-00C04F79EFBC}") = "TP3ITS.WinForm", "TP3ITS.WinForm\TP3ITS.WinForm.csproj", "{5F41820D-BF09-4A9D-9E7C-A582368DB295}"
EndProject
Global
	GlobalSection(SolutionConfigurationPlatforms) = preSolution
		Debug|Any CPU = Debug|Any CPU
		Release|Any CPU = Release|Any CPU
	EndGlobalSection
	GlobalSection(ProjectConfigurationPlatforms) = postSolution
		{5F41820D-BF09-4A9D-9E7C-A582368DB295}.Debug|Any CPU.ActiveCfg = Debug|Any CPU
		{5F41820D-BF09-4A9D-9E7C-A582368DB295}.Debug|Any CPU.Build.0 = Debug|Any CPU
		{5F41820D-BF09-4A9D-9E7C-A582368DB295}.Release|Any CPU.ActiveCfg = Release|Any CPU
		{5F41820D-BF09-4A9D-9E7C-A582368DB295}.Release|Any CPU.Build.0 = Release|Any CPU
	EndGlobalSection
	GlobalSection(SolutionProperties) = preSolution
		HideSolutionNode = FALSE
	EndGlobalSection
	GlobalSection(ExtensibilityGlobals) = postSolution
		SolutionGuid = {3AFB5A7D-1124-427A-A352-E3F9384852A0}
	EndGlobalSection
EndGlobal
